<Solution>
  <Configurations>
    <Platform Name="x64" />
    <Platform Name="x86" />
  </Configurations>
  <Project Path="basic/basic.vcxproj" Id="4a5d80fe-ddfd-4805-b426-8df7bee2d0ab" />
  <Project Path="basic2/basic2.vcxproj" Id="6e187cb0-d3b0-40ae-99e5-f59b9c0edc7c" />
  <Project Path="basic2/StudentMng/StudentMng.vcxproj" Id="bad1efd0-4438-41d8-b635-d0a2819c75eb" />
  <Project Path="Mine/Mine.vcxproj" Id="6f9ee5ff-ed3e-4d1a-a351-33bec03f18fa" />
</Solution>
